
Microsoft Visual Studio Solution File, Format Version 12.00
# Visual Studio Version 17
VisualStudioVersion = 17.11.35312.102
MinimumVisualStudioVersion = 10.0.40219.1
Project("{8BC9CEB8-8B4A-11D0-8D11-00A0C91BC942}") = "finalC++bagatofail robot", "finalC++bagatofail robot\finalC++bagatofail robot.vcxproj", "{08BD8EF2-A632-4480-B6CC-04049836D94F}"
EndProject
Global
	GlobalSection(SolutionConfigurationPlatforms) = preSolution
		Debug|x64 = Debug|x64
		Debug|x86 = Debug|x86
		Release|x64 = Release|x64
		Release|x86 = Release|x86
	EndGlobalSection
	GlobalSection(ProjectConfigurationPlatforms) = postSolution
		{08BD8EF2-A632-4480-B6CC-04049836D94F}.Debug|x64.ActiveCfg = Debug|x64
		{08BD8EF2-A632-4480-B6CC-04049836D94F}.Debug|x64.Build.0 = Debug|x64
		{08BD8EF2-A632-4480-B6CC-04049836D94F}.Debug|x86.ActiveCfg = Debug|Win32
		{08BD8EF2-A632-4480-B6CC-04049836D94F}.Debug|x86.Build.0 = Debug|Win32
		{08BD8EF2-A632-4480-B6CC-04049836D94F}.Release|x64.ActiveCfg = Release|x64
		{08BD8EF2-A632-4480-B6CC-04049836D94F}.Release|x64.Build.0 = Release|x64
		{08BD8EF2-A632-4480-B6CC-04049836D94F}.Release|x86.ActiveCfg = Release|Win32
		{08BD8EF2-A632-4480-B6CC-04049836D94F}.Release|x86.Build.0 = Release|Win32
	EndGlobalSection
	GlobalSection(SolutionProperties) = preSolution
		HideSolutionNode = FALSE
	EndGlobalSection
	GlobalSection(ExtensibilityGlobals) = postSolution
		SolutionGuid = {A73B9389-627F-4A86-85F1-3C246D3DAB0F}
	EndGlobalSection
EndGlobal
